
Microsoft Visual Studio Solution File, Format Version 12.00
# Visual Studio Version 17
VisualStudioVersion = 17.9.34607.119
MinimumVisualStudioVersion = 10.0.40219.1
Project("{FAE04EC0-301F-11D3-BF4B-00C04F79EFBC}") = "ItalyMainWeb", "ItalyMainWeb\ItalyMainWeb.csproj", "{0449693B-3515-4A4E-BCB1-9FCAB1E90EFD}"
EndProject
Global
	GlobalSection(SolutionConfigurationPlatforms) = preSolution
		Debug|Any CPU = Debug|Any CPU
		Release|Any CPU = Release|Any CPU
	EndGlobalSection
	GlobalSection(ProjectConfigurationPlatforms) = postSolution
		{0449693B-3515-4A4E-BCB1-9FCAB1E90EFD}.Debug|Any CPU.ActiveCfg = Debug|Any CPU
		{0449693B-3515-4A4E-BCB1-9FCAB1E90EFD}.Debug|Any CPU.Build.0 = Debug|Any CPU
		{0449693B-3515-4A4E-BCB1-9FCAB1E90EFD}.Release|Any CPU.ActiveCfg = Release|Any CPU
		{0449693B-3515-4A4E-BCB1-9FCAB1E90EFD}.Release|Any CPU.Build.0 = Release|Any CPU
	EndGlobalSection
	GlobalSection(SolutionProperties) = preSolution
		HideSolutionNode = FALSE
	EndGlobalSection
	GlobalSection(ExtensibilityGlobals) = postSolution
		SolutionGuid = {E70E8A8F-7DE5-4334-8E4F-25BFC70C8170}
	EndGlobalSection
EndGlobal
